// !$*UTF8*$!
{
	archiveVersion = 1;
	classes = {
	};
	objectVersion = 56;
	objects = {

/* Begin PBXBuildFile section */
		B527D3752A850A52002A9689 /* CircleImage.swift in Sources */ = {isa = PBXBuildFile; fileRef = B527D3742A850A51002A9689 /* CircleImage.swift */; };
		B527D3772A850BF8002A9689 /* MapView.swift in Sources */ = {isa = PBXBuildFile; fileRef = B527D3762A850BF8002A9689 /* MapView.swift */; };
		B527D3792A852174002A9689 /* landmarkData.json in Resources */ = {isa = PBXBuildFile; fileRef = B527D3782A852174002A9689 /* landmarkData.json */; };
		B527D37B2A8521AA002A9689 /* Landmark.swift in Sources */ = {isa = PBXBuildFile; fileRef = B527D37A2A8521AA002A9689 /* Landmark.swift */; };
		B527D37D2A85240B002A9689 /* Swift.gitignore in Resources */ = {isa = PBXBuildFile; fileRef = B527D37C2A85240B002A9689 /* Swift.gitignore */; };
		B527D37F2A85266B002A9689 /* ModelData.swift in Sources */ = {isa = PBXBuildFile; fileRef = B527D37E2A85266B002A9689 /* ModelData.swift */; };
		B527D3842A852A1A002A9689 /* LandmarkRow.swift in Sources */ = {isa = PBXBuildFile; fileRef = B527D3832A852A1A002A9689 /* LandmarkRow.swift */; };
		B527D3862A8539F4002A9689 /* LandmarkList.swift in Sources */ = {isa = PBXBuildFile; fileRef = B527D3852A8539F4002A9689 /* LandmarkList.swift */; };
		B527D3882A853FE7002A9689 /* LandmarkDetail.swift in Sources */ = {isa = PBXBuildFile; fileRef = B527D3872A853FE7002A9689 /* LandmarkDetail.swift */; };
		B527D38A2A891EA8002A9689 /* FavouriteButton.swift in Sources */ = {isa = PBXBuildFile; fileRef = B527D3892A891EA7002A9689 /* FavouriteButton.swift */; };
		B527D38E2A892C82002A9689 /* HexagonParameters.swift in Sources */ = {isa = PBXBuildFile; fileRef = B527D38D2A892C82002A9689 /* HexagonParameters.swift */; };
		B527D3902A892DEF002A9689 /* BadgeBackground.swift in Sources */ = {isa = PBXBuildFile; fileRef = B527D38F2A892DEF002A9689 /* BadgeBackground.swift */; };
		B527D3922A8A7665002A9689 /* BadgeSymbol.swift in Sources */ = {isa = PBXBuildFile; fileRef = B527D3912A8A7665002A9689 /* BadgeSymbol.swift */; };
		B527D3942A8A7726002A9689 /* RotatedBadgeSymbol.swift in Sources */ = {isa = PBXBuildFile; fileRef = B527D3932A8A7725002A9689 /* RotatedBadgeSymbol.swift */; };
		B527D3962A8A77B2002A9689 /* Badge.swift in Sources */ = {isa = PBXBuildFile; fileRef = B527D3952A8A77B2002A9689 /* Badge.swift */; };
		B527D3992A8A89AB002A9689 /* hikeData.json in Resources */ = {isa = PBXBuildFile; fileRef = B527D3982A8A89AB002A9689 /* hikeData.json */; };
		B527D39B2A8A89E0002A9689 /* Hike.swift in Sources */ = {isa = PBXBuildFile; fileRef = B527D39A2A8A89E0002A9689 /* Hike.swift */; };
		B5ABA70F2A5049BF0005E6FF /* SwiftUITestApp.swift in Sources */ = {isa = PBXBuildFile; fileRef = B5ABA70E2A5049BF0005E6FF /* SwiftUITestApp.swift */; };
		B5ABA7112A5049BF0005E6FF /* ContentView.swift in Sources */ = {isa = PBXBuildFile; fileRef = B5ABA7102A5049BF0005E6FF /* ContentView.swift */; };
		B5ABA7132A5049C50005E6FF /* Assets.xcassets in Resources */ = {isa = PBXBuildFile; fileRef = B5ABA7122A5049C50005E6FF /* Assets.xcassets */; };
		B5ABA7162A5049C60005E6FF /* Preview Assets.xcassets in Resources */ = {isa = PBXBuildFile; fileRef = B5ABA7152A5049C60005E6FF /* Preview Assets.xcassets */; };
		B5D6D7E82A8A8ED10094EBD2 /* HikeView.swift in Sources */ = {isa = PBXBuildFile; fileRef = B5D6D7E72A8A8ED10094EBD2 /* HikeView.swift */; };
		B5D6D7EA2A8A8EDF0094EBD2 /* HikeGraph.swift in Sources */ = {isa = PBXBuildFile; fileRef = B5D6D7E92A8A8EDF0094EBD2 /* HikeGraph.swift */; };
		B5D6D7EC2A8A8EE10094EBD2 /* HikeDetail.swift in Sources */ = {isa = PBXBuildFile; fileRef = B5D6D7EB2A8A8EE10094EBD2 /* HikeDetail.swift */; };
		B5D6D7EE2A8A8EE30094EBD2 /* GraphCapsule.swift in Sources */ = {isa = PBXBuildFile; fileRef = B5D6D7ED2A8A8EE30094EBD2 /* GraphCapsule.swift */; };
		B5D6D7F22A8AA01D0094EBD2 /* CategoryHome.swift in Sources */ = {isa = PBXBuildFile; fileRef = B5D6D7F12A8AA01D0094EBD2 /* CategoryHome.swift */; };
		B5D6D7F42A8AA4530094EBD2 /* CategoryRow.swift in Sources */ = {isa = PBXBuildFile; fileRef = B5D6D7F32A8AA4530094EBD2 /* CategoryRow.swift */; };
		B5D6D7F62A8AA63D0094EBD2 /* CategoryItem.swift in Sources */ = {isa = PBXBuildFile; fileRef = B5D6D7F52A8AA63D0094EBD2 /* CategoryItem.swift */; };
		B5D6D7F82A8B7A0A0094EBD2 /* Profile.swift in Sources */ = {isa = PBXBuildFile; fileRef = B5D6D7F72A8B7A0A0094EBD2 /* Profile.swift */; };
		B5D6D7FB2A8B7D6D0094EBD2 /* ProfileHost.swift in Sources */ = {isa = PBXBuildFile; fileRef = B5D6D7FA2A8B7D6D0094EBD2 /* ProfileHost.swift */; };
		B5D6D7FD2A8B83E20094EBD2 /* ProfileSummary.swift in Sources */ = {isa = PBXBuildFile; fileRef = B5D6D7FC2A8B83E20094EBD2 /* ProfileSummary.swift */; };
		B5D6D7FF2A8B871A0094EBD2 /* HikeBadge.swift in Sources */ = {isa = PBXBuildFile; fileRef = B5D6D7FE2A8B87190094EBD2 /* HikeBadge.swift */; };
		B5D6D8012A8B94B20094EBD2 /* ProfileEditor.swift in Sources */ = {isa = PBXBuildFile; fileRef = B5D6D8002A8B94B20094EBD2 /* ProfileEditor.swift */; };
		B5D6D8042A8BA5590094EBD2 /* PageViewController.swift in Sources */ = {isa = PBXBuildFile; fileRef = B5D6D8032A8BA5590094EBD2 /* PageViewController.swift */; };
		B5D6D8062A8BA8BC0094EBD2 /* FeatureCard.swift in Sources */ = {isa = PBXBuildFile; fileRef = B5D6D8052A8BA8BC0094EBD2 /* FeatureCard.swift */; };
		B5D6D8082A8BA9B30094EBD2 /* PageView.swift in Sources */ = {isa = PBXBuildFile; fileRef = B5D6D8072A8BA9B30094EBD2 /* PageView.swift */; };
		B5D6D80A2A8BB1A60094EBD2 /* PageControl.swift in Sources */ = {isa = PBXBuildFile; fileRef = B5D6D8092A8BB1A50094EBD2 /* PageControl.swift */; };
		B5D6D8142A9372DA0094EBD2 /* ContentView.swift in Sources */ = {isa = PBXBuildFile; fileRef = B5D6D8132A9372DA0094EBD2 /* ContentView.swift */; };
		B5D6D8162A9372E30094EBD2 /* Assets.xcassets in Resources */ = {isa = PBXBuildFile; fileRef = B5D6D8152A9372E30094EBD2 /* Assets.xcassets */; };
		B5D6D8192A9372E30094EBD2 /* Preview Assets.xcassets in Resources */ = {isa = PBXBuildFile; fileRef = B5D6D8182A9372E30094EBD2 /* Preview Assets.xcassets */; };
		B5D6D81D2A937FEA0094EBD2 /* CircleImage.swift in Sources */ = {isa = PBXBuildFile; fileRef = B527D3742A850A51002A9689 /* CircleImage.swift */; };
		B5D6D81E2A937FEA0094EBD2 /* Landmark.swift in Sources */ = {isa = PBXBuildFile; fileRef = B527D37A2A8521AA002A9689 /* Landmark.swift */; };
		B5D6D81F2A937FEA0094EBD2 /* ModelData.swift in Sources */ = {isa = PBXBuildFile; fileRef = B527D37E2A85266B002A9689 /* ModelData.swift */; };
		B5D6D8202A937FEA0094EBD2 /* Profile.swift in Sources */ = {isa = PBXBuildFile; fileRef = B5D6D7F72A8B7A0A0094EBD2 /* Profile.swift */; };
		B5D6D8212A937FEA0094EBD2 /* landmarkData.json in Resources */ = {isa = PBXBuildFile; fileRef = B527D3782A852174002A9689 /* landmarkData.json */; };
		B5D6D8222A937FEA0094EBD2 /* MapView.swift in Sources */ = {isa = PBXBuildFile; fileRef = B527D3762A850BF8002A9689 /* MapView.swift */; };
		B5D6D8232A937FEA0094EBD2 /* LandmarkList.swift in Sources */ = {isa = PBXBuildFile; fileRef = B527D3852A8539F4002A9689 /* LandmarkList.swift */; };
		B5D6D8242A937FEA0094EBD2 /* hikeData.json in Resources */ = {isa = PBXBuildFile; fileRef = B527D3982A8A89AB002A9689 /* hikeData.json */; };
		B5D6D8252A937FEA0094EBD2 /* Assets.xcassets in Resources */ = {isa = PBXBuildFile; fileRef = B5ABA7122A5049C50005E6FF /* Assets.xcassets */; };
		B5D6D8262A937FEA0094EBD2 /* Hike.swift in Sources */ = {isa = PBXBuildFile; fileRef = B527D39A2A8A89E0002A9689 /* Hike.swift */; };
		B5D6D8272A937FEA0094EBD2 /* SwiftUITestApp.swift in Sources */ = {isa = PBXBuildFile; fileRef = B5ABA70E2A5049BF0005E6FF /* SwiftUITestApp.swift */; };
		B5D6D8282A937FEA0094EBD2 /* LandmarkRow.swift in Sources */ = {isa = PBXBuildFile; fileRef = B527D3832A852A1A002A9689 /* LandmarkRow.swift */; };
		B5D6D82A2A9380E70094EBD2 /* LandmarkDetail.swift in Sources */ = {isa = PBXBuildFile; fileRef = B5D6D8292A9380E70094EBD2 /* LandmarkDetail.swift */; };
		B5D6D82C2A9385F80094EBD2 /* NotificationView.swift in Sources */ = {isa = PBXBuildFile; fileRef = B5D6D82B2A9385F80094EBD2 /* NotificationView.swift */; };
		B5D6D82E2A938A8C0094EBD2 /* NotificationController.swift in Sources */ = {isa = PBXBuildFile; fileRef = B5D6D82D2A938A8C0094EBD2 /* NotificationController.swift */; };
		B5D6D8302A938C710094EBD2 /* PushNotificationPayload.apns in Resources */ = {isa = PBXBuildFile; fileRef = B5D6D82F2A938C710094EBD2 /* PushNotificationPayload.apns */; };
/* End PBXBuildFile section */

/* Begin PBXFileReference section */
		B527D3742A850A51002A9689 /* CircleImage.swift */ = {isa = PBXFileReference; lastKnownFileType = sourcecode.swift; path = CircleImage.swift; sourceTree = "<group>"; };
		B527D3762A850BF8002A9689 /* MapView.swift */ = {isa = PBXFileReference; lastKnownFileType = sourcecode.swift; path = MapView.swift; sourceTree = "<group>"; };
		B527D3782A852174002A9689 /* landmarkData.json */ = {isa = PBXFileReference; fileEncoding = 4; lastKnownFileType = text.json; path = landmarkData.json; sourceTree = "<group>"; };
		B527D37A2A8521AA002A9689 /* Landmark.swift */ = {isa = PBXFileReference; lastKnownFileType = sourcecode.swift; path = Landmark.swift; sourceTree = "<group>"; };
		B527D37C2A85240B002A9689 /* Swift.gitignore */ = {isa = PBXFileReference; fileEncoding = 4; lastKnownFileType = text; path = Swift.gitignore; sourceTree = "<group>"; };
		B527D37E2A85266B002A9689 /* ModelData.swift */ = {isa = PBXFileReference; lastKnownFileType = sourcecode.swift; path = ModelData.swift; sourceTree = "<group>"; };
		B527D3832A852A1A002A9689 /* LandmarkRow.swift */ = {isa = PBXFileReference; lastKnownFileType = sourcecode.swift; path = LandmarkRow.swift; sourceTree = "<group>"; };
		B527D3852A8539F4002A9689 /* LandmarkList.swift */ = {isa = PBXFileReference; lastKnownFileType = sourcecode.swift; path = LandmarkList.swift; sourceTree = "<group>"; };
		B527D3872A853FE7002A9689 /* LandmarkDetail.swift */ = {isa = PBXFileReference; lastKnownFileType = sourcecode.swift; path = LandmarkDetail.swift; sourceTree = "<group>"; };
		B527D3892A891EA7002A9689 /* FavouriteButton.swift */ = {isa = PBXFileReference; lastKnownFileType = sourcecode.swift; path = FavouriteButton.swift; sourceTree = "<group>"; };
		B527D38D2A892C82002A9689 /* HexagonParameters.swift */ = {isa = PBXFileReference; lastKnownFileType = sourcecode.swift; path = HexagonParameters.swift; sourceTree = "<group>"; };
		B527D38F2A892DEF002A9689 /* BadgeBackground.swift */ = {isa = PBXFileReference; lastKnownFileType = sourcecode.swift; path = BadgeBackground.swift; sourceTree = "<group>"; };
		B527D3912A8A7665002A9689 /* BadgeSymbol.swift */ = {isa = PBXFileReference; lastKnownFileType = sourcecode.swift; path = BadgeSymbol.swift; sourceTree = "<group>"; };
		B527D3932A8A7725002A9689 /* RotatedBadgeSymbol.swift */ = {isa = PBXFileReference; lastKnownFileType = sourcecode.swift; path = RotatedBadgeSymbol.swift; sourceTree = "<group>"; };
		B527D3952A8A77B2002A9689 /* Badge.swift */ = {isa = PBXFileReference; lastKnownFileType = sourcecode.swift; path = Badge.swift; sourceTree = "<group>"; };
		B527D3982A8A89AB002A9689 /* hikeData.json */ = {isa = PBXFileReference; fileEncoding = 4; lastKnownFileType = text.json; path = hikeData.json; sourceTree = "<group>"; };
		B527D39A2A8A89E0002A9689 /* Hike.swift */ = {isa = PBXFileReference; lastKnownFileType = sourcecode.swift; path = Hike.swift; sourceTree = "<group>"; };
		B56BA7D62A769A5900D3A6EA /* Info.plist */ = {isa = PBXFileReference; lastKnownFileType = text.plist; path = Info.plist; sourceTree = "<group>"; };
		B5ABA70B2A5049BF0005E6FF /* SwiftUITest.app */ = {isa = PBXFileReference; explicitFileType = wrapper.application; includeInIndex = 0; path = SwiftUITest.app; sourceTree = BUILT_PRODUCTS_DIR; };
		B5ABA70E2A5049BF0005E6FF /* SwiftUITestApp.swift */ = {isa = PBXFileReference; lastKnownFileType = sourcecode.swift; path = SwiftUITestApp.swift; sourceTree = "<group>"; };
		B5ABA7102A5049BF0005E6FF /* ContentView.swift */ = {isa = PBXFileReference; lastKnownFileType = sourcecode.swift; path = ContentView.swift; sourceTree = "<group>"; };
		B5ABA7122A5049C50005E6FF /* Assets.xcassets */ = {isa = PBXFileReference; lastKnownFileType = folder.assetcatalog; path = Assets.xcassets; sourceTree = "<group>"; };
		B5ABA7152A5049C60005E6FF /* Preview Assets.xcassets */ = {isa = PBXFileReference; lastKnownFileType = folder.assetcatalog; path = "Preview Assets.xcassets"; sourceTree = "<group>"; };
		B5D6D7E72A8A8ED10094EBD2 /* HikeView.swift */ = {isa = PBXFileReference; lastKnownFileType = sourcecode.swift; path = HikeView.swift; sourceTree = "<group>"; };
		B5D6D7E92A8A8EDF0094EBD2 /* HikeGraph.swift */ = {isa = PBXFileReference; lastKnownFileType = sourcecode.swift; path = HikeGraph.swift; sourceTree = "<group>"; };
		B5D6D7EB2A8A8EE10094EBD2 /* HikeDetail.swift */ = {isa = PBXFileReference; lastKnownFileType = sourcecode.swift; path = HikeDetail.swift; sourceTree = "<group>"; };
		B5D6D7ED2A8A8EE30094EBD2 /* GraphCapsule.swift */ = {isa = PBXFileReference; lastKnownFileType = sourcecode.swift; path = GraphCapsule.swift; sourceTree = "<group>"; };
		B5D6D7F12A8AA01D0094EBD2 /* CategoryHome.swift */ = {isa = PBXFileReference; lastKnownFileType = sourcecode.swift; path = CategoryHome.swift; sourceTree = "<group>"; };
		B5D6D7F32A8AA4530094EBD2 /* CategoryRow.swift */ = {isa = PBXFileReference; lastKnownFileType = sourcecode.swift; path = CategoryRow.swift; sourceTree = "<group>"; };
		B5D6D7F52A8AA63D0094EBD2 /* CategoryItem.swift */ = {isa = PBXFileReference; lastKnownFileType = sourcecode.swift; path = CategoryItem.swift; sourceTree = "<group>"; };
		B5D6D7F72A8B7A0A0094EBD2 /* Profile.swift */ = {isa = PBXFileReference; lastKnownFileType = sourcecode.swift; path = Profile.swift; sourceTree = "<group>"; };
		B5D6D7FA2A8B7D6D0094EBD2 /* ProfileHost.swift */ = {isa = PBXFileReference; lastKnownFileType = sourcecode.swift; path = ProfileHost.swift; sourceTree = "<group>"; };
		B5D6D7FC2A8B83E20094EBD2 /* ProfileSummary.swift */ = {isa = PBXFileReference; lastKnownFileType = sourcecode.swift; path = ProfileSummary.swift; sourceTree = "<group>"; };
		B5D6D7FE2A8B87190094EBD2 /* HikeBadge.swift */ = {isa = PBXFileReference; lastKnownFileType = sourcecode.swift; path = HikeBadge.swift; sourceTree = "<group>"; };
		B5D6D8002A8B94B20094EBD2 /* ProfileEditor.swift */ = {isa = PBXFileReference; lastKnownFileType = sourcecode.swift; path = ProfileEditor.swift; sourceTree = "<group>"; };
		B5D6D8032A8BA5590094EBD2 /* PageViewController.swift */ = {isa = PBXFileReference; lastKnownFileType = sourcecode.swift; path = PageViewController.swift; sourceTree = "<group>"; };
		B5D6D8052A8BA8BC0094EBD2 /* FeatureCard.swift */ = {isa = PBXFileReference; lastKnownFileType = sourcecode.swift; path = FeatureCard.swift; sourceTree = "<group>"; };
		B5D6D8072A8BA9B30094EBD2 /* PageView.swift */ = {isa = PBXFileReference; lastKnownFileType = sourcecode.swift; path = PageView.swift; sourceTree = "<group>"; };
		B5D6D8092A8BB1A50094EBD2 /* PageControl.swift */ = {isa = PBXFileReference; lastKnownFileType = sourcecode.swift; path = PageControl.swift; sourceTree = "<group>"; };
		B5D6D80F2A9372DA0094EBD2 /* WatchLandmarks Watch App.app */ = {isa = PBXFileReference; explicitFileType = wrapper.application; includeInIndex = 0; path = "WatchLandmarks Watch App.app"; sourceTree = BUILT_PRODUCTS_DIR; };
		B5D6D8132A9372DA0094EBD2 /* ContentView.swift */ = {isa = PBXFileReference; lastKnownFileType = sourcecode.swift; path = ContentView.swift; sourceTree = "<group>"; };
		B5D6D8152A9372E30094EBD2 /* Assets.xcassets */ = {isa = PBXFileReference; lastKnownFileType = folder.assetcatalog; path = Assets.xcassets; sourceTree = "<group>"; };
		B5D6D8182A9372E30094EBD2 /* Preview Assets.xcassets */ = {isa = PBXFileReference; lastKnownFileType = folder.assetcatalog; path = "Preview Assets.xcassets"; sourceTree = "<group>"; };
		B5D6D8292A9380E70094EBD2 /* LandmarkDetail.swift */ = {isa = PBXFileReference; lastKnownFileType = sourcecode.swift; path = LandmarkDetail.swift; sourceTree = "<group>"; };
		B5D6D82B2A9385F80094EBD2 /* NotificationView.swift */ = {isa = PBXFileReference; lastKnownFileType = sourcecode.swift; path = NotificationView.swift; sourceTree = "<group>"; };
		B5D6D82D2A938A8C0094EBD2 /* NotificationController.swift */ = {isa = PBXFileReference; lastKnownFileType = sourcecode.swift; path = NotificationController.swift; sourceTree = "<group>"; };
		B5D6D82F2A938C710094EBD2 /* PushNotificationPayload.apns */ = {isa = PBXFileReference; fileEncoding = 4; lastKnownFileType = text; path = PushNotificationPayload.apns; sourceTree = "<group>"; };
/* End PBXFileReference section */

/* Begin PBXFrameworksBuildPhase section */
		B5ABA7082A5049BF0005E6FF /* Frameworks */ = {
			isa = PBXFrameworksBuildPhase;
			buildActionMask = 2147483647;
			files = (
			);
			runOnlyForDeploymentPostprocessing = 0;
		};
		B5D6D80C2A9372DA0094EBD2 /* Frameworks */ = {
			isa = PBXFrameworksBuildPhase;
			buildActionMask = 2147483647;
			files = (
			);
			runOnlyForDeploymentPostprocessing = 0;
		};
/* End PBXFrameworksBuildPhase section */

/* Begin PBXGroup section */
		B527D3802A8528FA002A9689 /* Views */ = {
			isa = PBXGroup;
			children = (
				B5ABA7102A5049BF0005E6FF /* ContentView.swift */,
				B5D6D8022A8BA5390094EBD2 /* PageView */,
				B5D6D7F92A8B7D330094EBD2 /* Profiles */,
				B5D6D7F02A8A9FF30094EBD2 /* Categories */,
				B5D6D7EF2A8A8F450094EBD2 /* Hikes */,
				B527D38C2A89228F002A9689 /* Landmarks */,
				B527D3972A8A78EA002A9689 /* Badges */,
				B527D38B2A89228D002A9689 /* Helpers */,
			);
			path = Views;
			sourceTree = "<group>";
		};
		B527D3812A852925002A9689 /* Model */ = {
			isa = PBXGroup;
			children = (
				B527D37E2A85266B002A9689 /* ModelData.swift */,
				B527D37A2A8521AA002A9689 /* Landmark.swift */,
				B527D39A2A8A89E0002A9689 /* Hike.swift */,
				B5D6D7F72A8B7A0A0094EBD2 /* Profile.swift */,
			);
			path = Model;
			sourceTree = "<group>";
		};
		B527D3822A852950002A9689 /* Resources */ = {
			isa = PBXGroup;
			children = (
				B527D3782A852174002A9689 /* landmarkData.json */,
				B527D3982A8A89AB002A9689 /* hikeData.json */,
			);
			path = Resources;
			sourceTree = "<group>";
		};
		B527D38B2A89228D002A9689 /* Helpers */ = {
			isa = PBXGroup;
			children = (
				B527D3742A850A51002A9689 /* CircleImage.swift */,
				B527D3762A850BF8002A9689 /* MapView.swift */,
				B527D3892A891EA7002A9689 /* FavouriteButton.swift */,
			);
			path = Helpers;
			sourceTree = "<group>";
		};
		B527D38C2A89228F002A9689 /* Landmarks */ = {
			isa = PBXGroup;
			children = (
				B527D3852A8539F4002A9689 /* LandmarkList.swift */,
				B527D3832A852A1A002A9689 /* LandmarkRow.swift */,
				B527D3872A853FE7002A9689 /* LandmarkDetail.swift */,
				B5D6D8052A8BA8BC0094EBD2 /* FeatureCard.swift */,
			);
			path = Landmarks;
			sourceTree = "<group>";
		};
		B527D3972A8A78EA002A9689 /* Badges */ = {
			isa = PBXGroup;
			children = (
				B527D3952A8A77B2002A9689 /* Badge.swift */,
				B527D38F2A892DEF002A9689 /* BadgeBackground.swift */,
				B527D3912A8A7665002A9689 /* BadgeSymbol.swift */,
				B527D3932A8A7725002A9689 /* RotatedBadgeSymbol.swift */,
				B527D38D2A892C82002A9689 /* HexagonParameters.swift */,
			);
			path = Badges;
			sourceTree = "<group>";
		};
		B5ABA7022A5049BE0005E6FF = {
			isa = PBXGroup;
			children = (
				B527D37C2A85240B002A9689 /* Swift.gitignore */,
				B5ABA70D2A5049BF0005E6FF /* SwiftUITest */,
				B5D6D8102A9372DA0094EBD2 /* WatchLandmarks Watch App */,
				B5ABA70C2A5049BF0005E6FF /* Products */,
			);
			sourceTree = "<group>";
		};
		B5ABA70C2A5049BF0005E6FF /* Products */ = {
			isa = PBXGroup;
			children = (
				B5ABA70B2A5049BF0005E6FF /* SwiftUITest.app */,
				B5D6D80F2A9372DA0094EBD2 /* WatchLandmarks Watch App.app */,
			);
			name = Products;
			sourceTree = "<group>";
		};
		B5ABA70D2A5049BF0005E6FF /* SwiftUITest */ = {
			isa = PBXGroup;
			children = (
				B5ABA70E2A5049BF0005E6FF /* SwiftUITestApp.swift */,
				B527D3802A8528FA002A9689 /* Views */,
				B527D3812A852925002A9689 /* Model */,
				B527D3822A852950002A9689 /* Resources */,
				B56BA7D62A769A5900D3A6EA /* Info.plist */,
				B5ABA7122A5049C50005E6FF /* Assets.xcassets */,
				B5ABA7142A5049C60005E6FF /* Preview Content */,
			);
			path = SwiftUITest;
			sourceTree = "<group>";
		};
		B5ABA7142A5049C60005E6FF /* Preview Content */ = {
			isa = PBXGroup;
			children = (
				B5ABA7152A5049C60005E6FF /* Preview Assets.xcassets */,
			);
			path = "Preview Content";
			sourceTree = "<group>";
		};
		B5D6D7EF2A8A8F450094EBD2 /* Hikes */ = {
			isa = PBXGroup;
			children = (
				B5D6D7ED2A8A8EE30094EBD2 /* GraphCapsule.swift */,
				B5D6D7E72A8A8ED10094EBD2 /* HikeView.swift */,
				B5D6D7EB2A8A8EE10094EBD2 /* HikeDetail.swift */,
				B5D6D7E92A8A8EDF0094EBD2 /* HikeGraph.swift */,
				B5D6D7FE2A8B87190094EBD2 /* HikeBadge.swift */,
			);
			path = Hikes;
			sourceTree = "<group>";
		};
		B5D6D7F02A8A9FF30094EBD2 /* Categories */ = {
			isa = PBXGroup;
			children = (
				B5D6D7F12A8AA01D0094EBD2 /* CategoryHome.swift */,
				B5D6D7F32A8AA4530094EBD2 /* CategoryRow.swift */,
				B5D6D7F52A8AA63D0094EBD2 /* CategoryItem.swift */,
			);
			path = Categories;
			sourceTree = "<group>";
		};
		B5D6D7F92A8B7D330094EBD2 /* Profiles */ = {
			isa = PBXGroup;
			children = (
				B5D6D7FA2A8B7D6D0094EBD2 /* ProfileHost.swift */,
				B5D6D7FC2A8B83E20094EBD2 /* ProfileSummary.swift */,
				B5D6D8002A8B94B20094EBD2 /* ProfileEditor.swift */,
			);
			path = Profiles;
			sourceTree = "<group>";
		};
		B5D6D8022A8BA5390094EBD2 /* PageView */ = {
			isa = PBXGroup;
			children = (
				B5D6D8032A8BA5590094EBD2 /* PageViewController.swift */,
				B5D6D8072A8BA9B30094EBD2 /* PageView.swift */,
				B5D6D8092A8BB1A50094EBD2 /* PageControl.swift */,
			);
			path = PageView;
			sourceTree = "<group>";
		};
		B5D6D8102A9372DA0094EBD2 /* WatchLandmarks Watch App */ = {
			isa = PBXGroup;
			children = (
				B5D6D8292A9380E70094EBD2 /* LandmarkDetail.swift */,
				B5D6D8132A9372DA0094EBD2 /* ContentView.swift */,
				B5D6D82B2A9385F80094EBD2 /* NotificationView.swift */,
				B5D6D82D2A938A8C0094EBD2 /* NotificationController.swift */,
				B5D6D82F2A938C710094EBD2 /* PushNotificationPayload.apns */,
				B5D6D8152A9372E30094EBD2 /* Assets.xcassets */,
				B5D6D8172A9372E30094EBD2 /* Preview Content */,
			);
			path = "WatchLandmarks Watch App";
			sourceTree = "<group>";
		};
		B5D6D8172A9372E30094EBD2 /* Preview Content */ = {
			isa = PBXGroup;
			children = (
				B5D6D8182A9372E30094EBD2 /* Preview Assets.xcassets */,
			);
			path = "Preview Content";
			sourceTree = "<group>";
		};
/* End PBXGroup section */

/* Begin PBXNativeTarget section */
		B5ABA70A2A5049BF0005E6FF /* SwiftUITest */ = {
			isa = PBXNativeTarget;
			buildConfigurationList = B5ABA7192A5049C60005E6FF /* Build configuration list for PBXNativeTarget "SwiftUITest" */;
			buildPhases = (
				B5ABA7072A5049BF0005E6FF /* Sources */,
				B5ABA7082A5049BF0005E6FF /* Frameworks */,
				B5ABA7092A5049BF0005E6FF /* Resources */,
			);
			buildRules = (
			);
			dependencies = (
			);
			name = SwiftUITest;
			productName = SwiftUITest;
			productReference = B5ABA70B2A5049BF0005E6FF /* SwiftUITest.app */;
			productType = "com.apple.product-type.application";
		};
		B5D6D80E2A9372DA0094EBD2 /* WatchLandmarks Watch App */ = {
			isa = PBXNativeTarget;
			buildConfigurationList = B5D6D81A2A9372E30094EBD2 /* Build configuration list for PBXNativeTarget "WatchLandmarks Watch App" */;
			buildPhases = (
				B5D6D80B2A9372DA0094EBD2 /* Sources */,
				B5D6D80C2A9372DA0094EBD2 /* Frameworks */,
				B5D6D80D2A9372DA0094EBD2 /* Resources */,
			);
			buildRules = (
			);
			dependencies = (
			);
			name = "WatchLandmarks Watch App";
			productName = "WatchLandmarks Watch App";
			productReference = B5D6D80F2A9372DA0094EBD2 /* WatchLandmarks Watch App.app */;
			productType = "com.apple.product-type.application";
		};
/* End PBXNativeTarget section */

/* Begin PBXProject section */
		B5ABA7032A5049BF0005E6FF /* Project object */ = {
			isa = PBXProject;
			attributes = {
				BuildIndependentTargetsInParallel = 1;
				LastSwiftUpdateCheck = 1420;
				LastUpgradeCheck = 1420;
				TargetAttributes = {
					B5ABA70A2A5049BF0005E6FF = {
						CreatedOnToolsVersion = 14.2;
					};
					B5D6D80E2A9372DA0094EBD2 = {
						CreatedOnToolsVersion = 14.2;
					};
				};
			};
			buildConfigurationList = B5ABA7062A5049BF0005E6FF /* Build configuration list for PBXProject "SwiftUITest" */;
			compatibilityVersion = "Xcode 14.0";
			developmentRegion = en;
			hasScannedForEncodings = 0;
			knownRegions = (
				en,
				Base,
			);
			mainGroup = B5ABA7022A5049BE0005E6FF;
			productRefGroup = B5ABA70C2A5049BF0005E6FF /* Products */;
			projectDirPath = "";
			projectRoot = "";
			targets = (
				B5ABA70A2A5049BF0005E6FF /* SwiftUITest */,
				B5D6D80E2A9372DA0094EBD2 /* WatchLandmarks Watch App */,
			);
		};
/* End PBXProject section */

/* Begin PBXResourcesBuildPhase section */
		B5ABA7092A5049BF0005E6FF /* Resources */ = {
			isa = PBXResourcesBuildPhase;
			buildActionMask = 2147483647;
			files = (
				B5ABA7162A5049C60005E6FF /* Preview Assets.xcassets in Resources */,
				B5ABA7132A5049C50005E6FF /* Assets.xcassets in Resources */,
				B527D37D2A85240B002A9689 /* Swift.gitignore in Resources */,
				B527D3792A852174002A9689 /* landmarkData.json in Resources */,
				B527D3992A8A89AB002A9689 /* hikeData.json in Resources */,
			);
			runOnlyForDeploymentPostprocessing = 0;
		};
		B5D6D80D2A9372DA0094EBD2 /* Resources */ = {
			isa = PBXResourcesBuildPhase;
			buildActionMask = 2147483647;
			files = (
				B5D6D8242A937FEA0094EBD2 /* hikeData.json in Resources */,
				B5D6D8192A9372E30094EBD2 /* Preview Assets.xcassets in Resources */,
				B5D6D8162A9372E30094EBD2 /* Assets.xcassets in Resources */,
				B5D6D8212A937FEA0094EBD2 /* landmarkData.json in Resources */,
				B5D6D8252A937FEA0094EBD2 /* Assets.xcassets in Resources */,
				B5D6D8302A938C710094EBD2 /* PushNotificationPayload.apns in Resources */,
			);
			runOnlyForDeploymentPostprocessing = 0;
		};
/* End PBXResourcesBuildPhase section */

/* Begin PBXSourcesBuildPhase section */
		B5ABA7072A5049BF0005E6FF /* Sources */ = {
			isa = PBXSourcesBuildPhase;
			buildActionMask = 2147483647;
			files = (
				B5D6D7F42A8AA4530094EBD2 /* CategoryRow.swift in Sources */,
				B5D6D7F82A8B7A0A0094EBD2 /* Profile.swift in Sources */,
				B5D6D7EE2A8A8EE30094EBD2 /* GraphCapsule.swift in Sources */,
				B5D6D7F22A8AA01D0094EBD2 /* CategoryHome.swift in Sources */,
				B5D6D8062A8BA8BC0094EBD2 /* FeatureCard.swift in Sources */,
				B5ABA7112A5049BF0005E6FF /* ContentView.swift in Sources */,
				B5D6D7EA2A8A8EDF0094EBD2 /* HikeGraph.swift in Sources */,
				B527D3962A8A77B2002A9689 /* Badge.swift in Sources */,
				B527D3772A850BF8002A9689 /* MapView.swift in Sources */,
				B5ABA70F2A5049BF0005E6FF /* SwiftUITestApp.swift in Sources */,
				B5D6D80A2A8BB1A60094EBD2 /* PageControl.swift in Sources */,
				B527D38A2A891EA8002A9689 /* FavouriteButton.swift in Sources */,
				B5D6D7F62A8AA63D0094EBD2 /* CategoryItem.swift in Sources */,
				B5D6D7E82A8A8ED10094EBD2 /* HikeView.swift in Sources */,
				B5D6D7FD2A8B83E20094EBD2 /* ProfileSummary.swift in Sources */,
				B5D6D7EC2A8A8EE10094EBD2 /* HikeDetail.swift in Sources */,
				B5D6D7FB2A8B7D6D0094EBD2 /* ProfileHost.swift in Sources */,
				B527D38E2A892C82002A9689 /* HexagonParameters.swift in Sources */,
				B527D39B2A8A89E0002A9689 /* Hike.swift in Sources */,
				B5D6D8082A8BA9B30094EBD2 /* PageView.swift in Sources */,
				B527D3942A8A7726002A9689 /* RotatedBadgeSymbol.swift in Sources */,
				B5D6D8012A8B94B20094EBD2 /* ProfileEditor.swift in Sources */,
				B527D3922A8A7665002A9689 /* BadgeSymbol.swift in Sources */,
				B527D3862A8539F4002A9689 /* LandmarkList.swift in Sources */,
				B527D3882A853FE7002A9689 /* LandmarkDetail.swift in Sources */,
				B5D6D8042A8BA5590094EBD2 /* PageViewController.swift in Sources */,
				B527D3902A892DEF002A9689 /* BadgeBackground.swift in Sources */,
				B5D6D7FF2A8B871A0094EBD2 /* HikeBadge.swift in Sources */,
				B527D3752A850A52002A9689 /* CircleImage.swift in Sources */,
				B527D37B2A8521AA002A9689 /* Landmark.swift in Sources */,
				B527D3842A852A1A002A9689 /* LandmarkRow.swift in Sources */,
				B527D37F2A85266B002A9689 /* ModelData.swift in Sources */,
			);
			runOnlyForDeploymentPostprocessing = 0;
		};
		B5D6D80B2A9372DA0094EBD2 /* Sources */ = {
			isa = PBXSourcesBuildPhase;
			buildActionMask = 2147483647;
			files = (
				B5D6D8142A9372DA0094EBD2 /* ContentView.swift in Sources */,
				B5D6D8272A937FEA0094EBD2 /* SwiftUITestApp.swift in Sources */,
				B5D6D8222A937FEA0094EBD2 /* MapView.swift in Sources */,
				B5D6D8202A937FEA0094EBD2 /* Profile.swift in Sources */,
				B5D6D8232A937FEA0094EBD2 /* LandmarkList.swift in Sources */,
				B5D6D81F2A937FEA0094EBD2 /* ModelData.swift in Sources */,
				B5D6D81D2A937FEA0094EBD2 /* CircleImage.swift in Sources */,
				B5D6D8262A937FEA0094EBD2 /* Hike.swift in Sources */,
				B5D6D8282A937FEA0094EBD2 /* LandmarkRow.swift in Sources */,
				B5D6D82E2A938A8C0094EBD2 /* NotificationController.swift in Sources */,
				B5D6D81E2A937FEA0094EBD2 /* Landmark.swift in Sources */,
				B5D6D82A2A9380E70094EBD2 /* LandmarkDetail.swift in Sources */,
				B5D6D82C2A9385F80094EBD2 /* NotificationView.swift in Sources */,
			);
			runOnlyForDeploymentPostprocessing = 0;
		};
/* End PBXSourcesBuildPhase section */

/* Begin XCBuildConfiguration section */
		B5ABA7172A5049C60005E6FF /* Debug */ = {
			isa = XCBuildConfiguration;
			buildSettings = {
				ALWAYS_SEARCH_USER_PATHS = NO;
				CLANG_ANALYZER_NONNULL = YES;
				CLANG_ANALYZER_NUMBER_OBJECT_CONVERSION = YES_AGGRESSIVE;
				CLANG_CXX_LANGUAGE_STANDARD = "gnu++20";
				CLANG_ENABLE_MODULES = YES;
				CLANG_ENABLE_OBJC_ARC = YES;
				CLANG_ENABLE_OBJC_WEAK = YES;
				CLANG_WARN_BLOCK_CAPTURE_AUTORELEASING = YES;
				CLANG_WARN_BOOL_CONVERSION = YES;
				CLANG_WARN_COMMA = YES;
				CLANG_WARN_CONSTANT_CONVERSION = YES;
				CLANG_WARN_DEPRECATED_OBJC_IMPLEMENTATIONS = YES;
				CLANG_WARN_DIRECT_OBJC_ISA_USAGE = YES_ERROR;
				CLANG_WARN_DOCUMENTATION_COMMENTS = YES;
				CLANG_WARN_EMPTY_BODY = YES;
				CLANG_WARN_ENUM_CONVERSION = YES;
				CLANG_WARN_INFINITE_RECURSION = YES;
				CLANG_WARN_INT_CONVERSION = YES;
				CLANG_WARN_NON_LITERAL_NULL_CONVERSION = YES;
				CLANG_WARN_OBJC_IMPLICIT_RETAIN_SELF = YES;
				CLANG_WARN_OBJC_LITERAL_CONVERSION = YES;
				CLANG_WARN_OBJC_ROOT_CLASS = YES_ERROR;
				CLANG_WARN_QUOTED_INCLUDE_IN_FRAMEWORK_HEADER = YES;
				CLANG_WARN_RANGE_LOOP_ANALYSIS = YES;
				CLANG_WARN_STRICT_PROTOTYPES = YES;
				CLANG_WARN_SUSPICIOUS_MOVE = YES;
				CLANG_WARN_UNGUARDED_AVAILABILITY = YES_AGGRESSIVE;
				CLANG_WARN_UNREACHABLE_CODE = YES;
				CLANG_WARN__DUPLICATE_METHOD_MATCH = YES;
				COPY_PHASE_STRIP = NO;
				DEBUG_INFORMATION_FORMAT = dwarf;
				ENABLE_STRICT_OBJC_MSGSEND = YES;
				ENABLE_TESTABILITY = YES;
				GCC_C_LANGUAGE_STANDARD = gnu11;
				GCC_DYNAMIC_NO_PIC = NO;
				GCC_NO_COMMON_BLOCKS = YES;
				GCC_OPTIMIZATION_LEVEL = 0;
				GCC_PREPROCESSOR_DEFINITIONS = (
					"DEBUG=1",
					"$(inherited)",
				);
				GCC_WARN_64_TO_32_BIT_CONVERSION = YES;
				GCC_WARN_ABOUT_RETURN_TYPE = YES_ERROR;
				GCC_WARN_UNDECLARED_SELECTOR = YES;
				GCC_WARN_UNINITIALIZED_AUTOS = YES_AGGRESSIVE;
				GCC_WARN_UNUSED_FUNCTION = YES;
				GCC_WARN_UNUSED_VARIABLE = YES;
				IPHONEOS_DEPLOYMENT_TARGET = 16.2;
				MTL_ENABLE_DEBUG_INFO = INCLUDE_SOURCE;
				MTL_FAST_MATH = YES;
				ONLY_ACTIVE_ARCH = YES;
				SDKROOT = iphoneos;
				SWIFT_ACTIVE_COMPILATION_CONDITIONS = DEBUG;
				SWIFT_OPTIMIZATION_LEVEL = "-Onone";
			};
			name = Debug;
		};
		B5ABA7182A5049C60005E6FF /* Release */ = {
			isa = XCBuildConfiguration;
			buildSettings = {
				ALWAYS_SEARCH_USER_PATHS = NO;
				CLANG_ANALYZER_NONNULL = YES;
				CLANG_ANALYZER_NUMBER_OBJECT_CONVERSION = YES_AGGRESSIVE;
				CLANG_CXX_LANGUAGE_STANDARD = "gnu++20";
				CLANG_ENABLE_MODULES = YES;
				CLANG_ENABLE_OBJC_ARC = YES;
				CLANG_ENABLE_OBJC_WEAK = YES;
				CLANG_WARN_BLOCK_CAPTURE_AUTORELEASING = YES;
				CLANG_WARN_BOOL_CONVERSION = YES;
				CLANG_WARN_COMMA = YES;
				CLANG_WARN_CONSTANT_CONVERSION = YES;
				CLANG_WARN_DEPRECATED_OBJC_IMPLEMENTATIONS = YES;
				CLANG_WARN_DIRECT_OBJC_ISA_USAGE = YES_ERROR;
				CLANG_WARN_DOCUMENTATION_COMMENTS = YES;
				CLANG_WARN_EMPTY_BODY = YES;
				CLANG_WARN_ENUM_CONVERSION = YES;
				CLANG_WARN_INFINITE_RECURSION = YES;
				CLANG_WARN_INT_CONVERSION = YES;
				CLANG_WARN_NON_LITERAL_NULL_CONVERSION = YES;
				CLANG_WARN_OBJC_IMPLICIT_RETAIN_SELF = YES;
				CLANG_WARN_OBJC_LITERAL_CONVERSION = YES;
				CLANG_WARN_OBJC_ROOT_CLASS = YES_ERROR;
				CLANG_WARN_QUOTED_INCLUDE_IN_FRAMEWORK_HEADER = YES;
				CLANG_WARN_RANGE_LOOP_ANALYSIS = YES;
				CLANG_WARN_STRICT_PROTOTYPES = YES;
				CLANG_WARN_SUSPICIOUS_MOVE = YES;
				CLANG_WARN_UNGUARDED_AVAILABILITY = YES_AGGRESSIVE;
				CLANG_WARN_UNREACHABLE_CODE = YES;
				CLANG_WARN__DUPLICATE_METHOD_MATCH = YES;
				COPY_PHASE_STRIP = NO;
				DEBUG_INFORMATION_FORMAT = "dwarf-with-dsym";
				ENABLE_NS_ASSERTIONS = NO;
				ENABLE_STRICT_OBJC_MSGSEND = YES;
				GCC_C_LANGUAGE_STANDARD = gnu11;
				GCC_NO_COMMON_BLOCKS = YES;
				GCC_WARN_64_TO_32_BIT_CONVERSION = YES;
				GCC_WARN_ABOUT_RETURN_TYPE = YES_ERROR;
				GCC_WARN_UNDECLARED_SELECTOR = YES;
				GCC_WARN_UNINITIALIZED_AUTOS = YES_AGGRESSIVE;
				GCC_WARN_UNUSED_FUNCTION = YES;
				GCC_WARN_UNUSED_VARIABLE = YES;
				IPHONEOS_DEPLOYMENT_TARGET = 16.2;
				MTL_ENABLE_DEBUG_INFO = NO;
				MTL_FAST_MATH = YES;
				SDKROOT = iphoneos;
				SWIFT_COMPILATION_MODE = wholemodule;
				SWIFT_OPTIMIZATION_LEVEL = "-O";
				VALIDATE_PRODUCT = YES;
			};
			name = Release;
		};
		B5ABA71A2A5049C60005E6FF /* Debug */ = {
			isa = XCBuildConfiguration;
			buildSettings = {
				ASSETCATALOG_COMPILER_APPICON_NAME = AppIcon;
				ASSETCATALOG_COMPILER_GLOBAL_ACCENT_COLOR_NAME = AccentColor;
				CODE_SIGN_STYLE = Automatic;
				CURRENT_PROJECT_VERSION = 1;
				DEVELOPMENT_ASSET_PATHS = "\"SwiftUITest/Preview Content\"";
				DEVELOPMENT_TEAM = 5X6RZ5N5BC;
				ENABLE_PREVIEWS = YES;
				GENERATE_INFOPLIST_FILE = YES;
				INFOPLIST_FILE = SwiftUITest/Info.plist;
				INFOPLIST_KEY_UIApplicationSupportsIndirectInputEvents = YES;
				INFOPLIST_KEY_UILaunchScreen_Generation = YES;
				INFOPLIST_KEY_UISupportedInterfaceOrientations_iPad = "UIInterfaceOrientationPortrait UIInterfaceOrientationPortraitUpsideDown UIInterfaceOrientationLandscapeLeft UIInterfaceOrientationLandscapeRight";
				INFOPLIST_KEY_UISupportedInterfaceOrientations_iPhone = "UIInterfaceOrientationPortrait UIInterfaceOrientationLandscapeLeft UIInterfaceOrientationLandscapeRight";
				LD_RUNPATH_SEARCH_PATHS = (
					"$(inherited)",
					"@executable_path/Frameworks",
				);
				MARKETING_VERSION = 1.0;
				PRODUCT_BUNDLE_IDENTIFIER = com.dmitry4ch.SwiftUITest;
				PRODUCT_NAME = "$(TARGET_NAME)";
				SWIFT_EMIT_LOC_STRINGS = YES;
				SWIFT_VERSION = 5.0;
				TARGETED_DEVICE_FAMILY = "1,2";
			};
			name = Debug;
		};
		B5ABA71B2A5049C60005E6FF /* Release */ = {
			isa = XCBuildConfiguration;
			buildSettings = {
				ASSETCATALOG_COMPILER_APPICON_NAME = AppIcon;
				ASSETCATALOG_COMPILER_GLOBAL_ACCENT_COLOR_NAME = AccentColor;
				CODE_SIGN_STYLE = Automatic;
				CURRENT_PROJECT_VERSION = 1;
				DEVELOPMENT_ASSET_PATHS = "\"SwiftUITest/Preview Content\"";
				DEVELOPMENT_TEAM = 5X6RZ5N5BC;
				ENABLE_PREVIEWS = YES;
				GENERATE_INFOPLIST_FILE = YES;
				INFOPLIST_FILE = SwiftUITest/Info.plist;
				INFOPLIST_KEY_UIApplicationSupportsIndirectInputEvents = YES;
				INFOPLIST_KEY_UILaunchScreen_Generation = YES;
				INFOPLIST_KEY_UISupportedInterfaceOrientations_iPad = "UIInterfaceOrientationPortrait UIInterfaceOrientationPortraitUpsideDown UIInterfaceOrientationLandscapeLeft UIInterfaceOrientationLandscapeRight";
				INFOPLIST_KEY_UISupportedInterfaceOrientations_iPhone = "UIInterfaceOrientationPortrait UIInterfaceOrientationLandscapeLeft UIInterfaceOrientationLandscapeRight";
				LD_RUNPATH_SEARCH_PATHS = (
					"$(inherited)",
					"@executable_path/Frameworks",
				);
				MARKETING_VERSION = 1.0;
				PRODUCT_BUNDLE_IDENTIFIER = com.dmitry4ch.SwiftUITest;
				PRODUCT_NAME = "$(TARGET_NAME)";
				SWIFT_EMIT_LOC_STRINGS = YES;
				SWIFT_VERSION = 5.0;
				TARGETED_DEVICE_FAMILY = "1,2";
			};
			name = Release;
		};
		B5D6D81B2A9372E30094EBD2 /* Debug */ = {
			isa = XCBuildConfiguration;
			buildSettings = {
				ASSETCATALOG_COMPILER_APPICON_NAME = AppIcon;
				ASSETCATALOG_COMPILER_GLOBAL_ACCENT_COLOR_NAME = AccentColor;
				CODE_SIGN_STYLE = Automatic;
				CURRENT_PROJECT_VERSION = 1;
				DEVELOPMENT_ASSET_PATHS = "\"WatchLandmarks Watch App/Preview Content\"";
				DEVELOPMENT_TEAM = 5X6RZ5N5BC;
				ENABLE_PREVIEWS = YES;
				GENERATE_INFOPLIST_FILE = YES;
				INFOPLIST_KEY_CFBundleDisplayName = WatchLandmarks;
				INFOPLIST_KEY_UISupportedInterfaceOrientations = "UIInterfaceOrientationPortrait UIInterfaceOrientationPortraitUpsideDown";
				INFOPLIST_KEY_WKCompanionAppBundleIdentifier = "";
				LD_RUNPATH_SEARCH_PATHS = (
					"$(inherited)",
					"@executable_path/Frameworks",
				);
				MARKETING_VERSION = 1.0;
				PRODUCT_BUNDLE_IDENTIFIER = .watchkitapp;
				PRODUCT_NAME = "$(TARGET_NAME)";
				SDKROOT = watchos;
				SKIP_INSTALL = YES;
				SWIFT_EMIT_LOC_STRINGS = YES;
				SWIFT_VERSION = 5.0;
				TARGETED_DEVICE_FAMILY = 4;
				WATCHOS_DEPLOYMENT_TARGET = 9.1;
			};
			name = Debug;
		};
		B5D6D81C2A9372E30094EBD2 /* Release */ = {
			isa = XCBuildConfiguration;
			buildSettings = {
				ASSETCATALOG_COMPILER_APPICON_NAME = AppIcon;
				ASSETCATALOG_COMPILER_GLOBAL_ACCENT_COLOR_NAME = AccentColor;
				CODE_SIGN_STYLE = Automatic;
				CURRENT_PROJECT_VERSION = 1;
				DEVELOPMENT_ASSET_PATHS = "\"WatchLandmarks Watch App/Preview Content\"";
				DEVELOPMENT_TEAM = 5X6RZ5N5BC;
				ENABLE_PREVIEWS = YES;
				GENERATE_INFOPLIST_FILE = YES;
				INFOPLIST_KEY_CFBundleDisplayName = WatchLandmarks;
				INFOPLIST_KEY_UISupportedInterfaceOrientations = "UIInterfaceOrientationPortrait UIInterfaceOrientationPortraitUpsideDown";
				INFOPLIST_KEY_WKCompanionAppBundleIdentifier = "";
				LD_RUNPATH_SEARCH_PATHS = (
					"$(inherited)",
					"@executable_path/Frameworks",
				);
				MARKETING_VERSION = 1.0;
				PRODUCT_BUNDLE_IDENTIFIER = .watchkitapp;
				PRODUCT_NAME = "$(TARGET_NAME)";
				SDKROOT = watchos;
				SKIP_INSTALL = YES;
				SWIFT_EMIT_LOC_STRINGS = YES;
				SWIFT_VERSION = 5.0;
				TARGETED_DEVICE_FAMILY = 4;
				WATCHOS_DEPLOYMENT_TARGET = 9.1;
			};
			name = Release;
		};
/* End XCBuildConfiguration section */

/* Begin XCConfigurationList section */
		B5ABA7062A5049BF0005E6FF /* Build configuration list for PBXProject "SwiftUITest" */ = {
			isa = XCConfigurationList;
			buildConfigurations = (
				B5ABA7172A5049C60005E6FF /* Debug */,
				B5ABA7182A5049C60005E6FF /* Release */,
			);
			defaultConfigurationIsVisible = 0;
			defaultConfigurationName = Release;
		};
		B5ABA7192A5049C60005E6FF /* Build configuration list for PBXNativeTarget "SwiftUITest" */ = {
			isa = XCConfigurationList;
			buildConfigurations = (
				B5ABA71A2A5049C60005E6FF /* Debug */,
				B5ABA71B2A5049C60005E6FF /* Release */,
			);
			defaultConfigurationIsVisible = 0;
			defaultConfigurationName = Release;
		};
		B5D6D81A2A9372E30094EBD2 /* Build configuration list for PBXNativeTarget "WatchLandmarks Watch App" */ = {
			isa = XCConfigurationList;
			buildConfigurations = (
				B5D6D81B2A9372E30094EBD2 /* Debug */,
				B5D6D81C2A9372E30094EBD2 /* Release */,
			);
			defaultConfigurationIsVisible = 0;
			defaultConfigurationName = Release;
		};
/* End XCConfigurationList section */
	};
	rootObject = B5ABA7032A5049BF0005E6FF /* Project object */;
}
